// !$*UTF8*$!
{
	archiveVersion = 1;
	classes = {
	};
	objectVersion = 56;
	objects = {

/* Begin PBXBuildFile section */
		58AC67B329FD848C001A1612 /* hackathonApp.swift in Sources */ = {isa = PBXBuildFile; fileRef = 58AC67B229FD848C001A1612 /* hackathonApp.swift */; };
		58AC67B529FD848C001A1612 /* ContentView.swift in Sources */ = {isa = PBXBuildFile; fileRef = 58AC67B429FD848C001A1612 /* ContentView.swift */; };
		58AC67B729FD848E001A1612 /* Assets.xcassets in Resources */ = {isa = PBXBuildFile; fileRef = 58AC67B629FD848E001A1612 /* Assets.xcassets */; };
		58AC67BA29FD848E001A1612 /* Preview Assets.xcassets in Resources */ = {isa = PBXBuildFile; fileRef = 58AC67B929FD848E001A1612 /* Preview Assets.xcassets */; };
		58AC67C429FD848E001A1612 /* hackathonTests.swift in Sources */ = {isa = PBXBuildFile; fileRef = 58AC67C329FD848E001A1612 /* hackathonTests.swift */; };
		58AC67CE29FD848E001A1612 /* hackathonUITests.swift in Sources */ = {isa = PBXBuildFile; fileRef = 58AC67CD29FD848E001A1612 /* hackathonUITests.swift */; };
		58AC67D029FD848E001A1612 /* hackathonUITestsLaunchTests.swift in Sources */ = {isa = PBXBuildFile; fileRef = 58AC67CF29FD848E001A1612 /* hackathonUITestsLaunchTests.swift */; };
		58AC67DD29FD8E86001A1612 /* GoogleService-Info.plist in Resources */ = {isa = PBXBuildFile; fileRef = 58AC67DC29FD8E86001A1612 /* GoogleService-Info.plist */; };
		58AC67E029FD90D8001A1612 /* FirebaseAnalytics in Frameworks */ = {isa = PBXBuildFile; productRef = 58AC67DF29FD90D8001A1612 /* FirebaseAnalytics */; };
		58AC67E229FD90D8001A1612 /* FirebaseAnalyticsSwift in Frameworks */ = {isa = PBXBuildFile; productRef = 58AC67E129FD90D8001A1612 /* FirebaseAnalyticsSwift */; };
		58AC67E429FD90D8001A1612 /* FirebaseAuth in Frameworks */ = {isa = PBXBuildFile; productRef = 58AC67E329FD90D8001A1612 /* FirebaseAuth */; };
		58AC67E629FD90D8001A1612 /* FirebaseAuthCombine-Community in Frameworks */ = {isa = PBXBuildFile; productRef = 58AC67E529FD90D8001A1612 /* FirebaseAuthCombine-Community */; };
		58AC67E829FD90D8001A1612 /* FirebaseDatabase in Frameworks */ = {isa = PBXBuildFile; productRef = 58AC67E729FD90D8001A1612 /* FirebaseDatabase */; };
		58AC67EA29FD90D8001A1612 /* FirebaseDatabaseSwift in Frameworks */ = {isa = PBXBuildFile; productRef = 58AC67E929FD90D8001A1612 /* FirebaseDatabaseSwift */; };
		58AC67EC29FD90D8001A1612 /* FirebaseFirestore in Frameworks */ = {isa = PBXBuildFile; productRef = 58AC67EB29FD90D8001A1612 /* FirebaseFirestore */; };
		58AC67EE29FD90D8001A1612 /* FirebaseFunctions in Frameworks */ = {isa = PBXBuildFile; productRef = 58AC67ED29FD90D8001A1612 /* FirebaseFunctions */; };
		58AC67F029FD90D8001A1612 /* FirebaseInstallations in Frameworks */ = {isa = PBXBuildFile; productRef = 58AC67EF29FD90D8001A1612 /* FirebaseInstallations */; };
		58AC67F229FD90D8001A1612 /* FirebaseMessaging in Frameworks */ = {isa = PBXBuildFile; productRef = 58AC67F129FD90D8001A1612 /* FirebaseMessaging */; };
		58AC67F429FD90D8001A1612 /* FirebaseStorage in Frameworks */ = {isa = PBXBuildFile; productRef = 58AC67F329FD90D8001A1612 /* FirebaseStorage */; };
		58AC67F829FD9252001A1612 /* SignUpView.swift in Sources */ = {isa = PBXBuildFile; fileRef = 58AC67F729FD9252001A1612 /* SignUpView.swift */; };
		58AC67FA29FD92DB001A1612 /* SignInView.swift in Sources */ = {isa = PBXBuildFile; fileRef = 58AC67F929FD92DB001A1612 /* SignInView.swift */; };
		58AC67FC29FDA21B001A1612 /* MainView.swift in Sources */ = {isa = PBXBuildFile; fileRef = 58AC67FB29FDA21B001A1612 /* MainView.swift */; };
		58AC680029FDA55F001A1612 /* LocationManager.swift in Sources */ = {isa = PBXBuildFile; fileRef = 58AC67FF29FDA55F001A1612 /* LocationManager.swift */; };
		58AC680629FDEED6001A1612 /* UserListView.swift in Sources */ = {isa = PBXBuildFile; fileRef = 58AC680529FDEED6001A1612 /* UserListView.swift */; };
		FE28382D29FEC8A7001D7F6F /* LaunchScreenView.swift in Sources */ = {isa = PBXBuildFile; fileRef = FE28382C29FEC8A7001D7F6F /* LaunchScreenView.swift */; };
		FE3868DD29FDAB210037FB0D /* InicioCrewView.swift in Sources */ = {isa = PBXBuildFile; fileRef = FE3868DC29FDAB210037FB0D /* InicioCrewView.swift */; };
		FE3868E729FDEBB10037FB0D /* Prueba.swift in Sources */ = {isa = PBXBuildFile; fileRef = FE3868E629FDEBB10037FB0D /* Prueba.swift */; };
		FE3868E929FDEF960037FB0D /* RutaActivaView.swift in Sources */ = {isa = PBXBuildFile; fileRef = FE3868E829FDEF960037FB0D /* RutaActivaView.swift */; };
		FE3868EB29FDEFFA0037FB0D /* TripStatusView.swift in Sources */ = {isa = PBXBuildFile; fileRef = FE3868EA29FDEFFA0037FB0D /* TripStatusView.swift */; };
		FE3868ED29FDF0450037FB0D /* VehicleView.swift in Sources */ = {isa = PBXBuildFile; fileRef = FE3868EC29FDF0450037FB0D /* VehicleView.swift */; };
		FE3868EF29FDFD350037FB0D /* HomeView.swift in Sources */ = {isa = PBXBuildFile; fileRef = FE3868EE29FDFD350037FB0D /* HomeView.swift */; };
		FE3868F129FDFD7F0037FB0D /* RouteDetailView.swift in Sources */ = {isa = PBXBuildFile; fileRef = FE3868F029FDFD7F0037FB0D /* RouteDetailView.swift */; };
		FE3868F329FDFDD80037FB0D /* UserProfileView.swift in Sources */ = {isa = PBXBuildFile; fileRef = FE3868F229FDFDD80037FB0D /* UserProfileView.swift */; };
		FE3868F529FDFE620037FB0D /* SettingsView.swift in Sources */ = {isa = PBXBuildFile; fileRef = FE3868F429FDFE620037FB0D /* SettingsView.swift */; };
		FE3868F729FDFED40037FB0D /* ManagerMainView.swift in Sources */ = {isa = PBXBuildFile; fileRef = FE3868F629FDFED40037FB0D /* ManagerMainView.swift */; };
		FE3868FB29FE02B40037FB0D /* Screen12View.swift in Sources */ = {isa = PBXBuildFile; fileRef = FE3868FA29FE02B40037FB0D /* Screen12View.swift */; };
		FE3868FD29FE054C0037FB0D /* AvenirNext-Regular.ttf in Resources */ = {isa = PBXBuildFile; fileRef = FE3868FC29FE054C0037FB0D /* AvenirNext-Regular.ttf */; };
/* End PBXBuildFile section */

/* Begin PBXContainerItemProxy section */
		58AC67C029FD848E001A1612 /* PBXContainerItemProxy */ = {
			isa = PBXContainerItemProxy;
			containerPortal = 58AC67A729FD848C001A1612 /* Project object */;
			proxyType = 1;
			remoteGlobalIDString = 58AC67AE29FD848C001A1612;
			remoteInfo = hackathon;
		};
		58AC67CA29FD848E001A1612 /* PBXContainerItemProxy */ = {
			isa = PBXContainerItemProxy;
			containerPortal = 58AC67A729FD848C001A1612 /* Project object */;
			proxyType = 1;
			remoteGlobalIDString = 58AC67AE29FD848C001A1612;
			remoteInfo = hackathon;
		};
/* End PBXContainerItemProxy section */

/* Begin PBXFileReference section */
		58AC67AF29FD848C001A1612 /* hackathon.app */ = {isa = PBXFileReference; explicitFileType = wrapper.application; includeInIndex = 0; path = hackathon.app; sourceTree = BUILT_PRODUCTS_DIR; };
		58AC67B229FD848C001A1612 /* hackathonApp.swift */ = {isa = PBXFileReference; lastKnownFileType = sourcecode.swift; path = hackathonApp.swift; sourceTree = "<group>"; };
		58AC67B429FD848C001A1612 /* ContentView.swift */ = {isa = PBXFileReference; lastKnownFileType = sourcecode.swift; path = ContentView.swift; sourceTree = "<group>"; };
		58AC67B629FD848E001A1612 /* Assets.xcassets */ = {isa = PBXFileReference; lastKnownFileType = folder.assetcatalog; path = Assets.xcassets; sourceTree = "<group>"; };
		58AC67B929FD848E001A1612 /* Preview Assets.xcassets */ = {isa = PBXFileReference; lastKnownFileType = folder.assetcatalog; path = "Preview Assets.xcassets"; sourceTree = "<group>"; };
		58AC67BF29FD848E001A1612 /* hackathonTests.xctest */ = {isa = PBXFileReference; explicitFileType = wrapper.cfbundle; includeInIndex = 0; path = hackathonTests.xctest; sourceTree = BUILT_PRODUCTS_DIR; };
		58AC67C329FD848E001A1612 /* hackathonTests.swift */ = {isa = PBXFileReference; lastKnownFileType = sourcecode.swift; path = hackathonTests.swift; sourceTree = "<group>"; };
		58AC67C929FD848E001A1612 /* hackathonUITests.xctest */ = {isa = PBXFileReference; explicitFileType = wrapper.cfbundle; includeInIndex = 0; path = hackathonUITests.xctest; sourceTree = BUILT_PRODUCTS_DIR; };
		58AC67CD29FD848E001A1612 /* hackathonUITests.swift */ = {isa = PBXFileReference; lastKnownFileType = sourcecode.swift; path = hackathonUITests.swift; sourceTree = "<group>"; };
		58AC67CF29FD848E001A1612 /* hackathonUITestsLaunchTests.swift */ = {isa = PBXFileReference; lastKnownFileType = sourcecode.swift; path = hackathonUITestsLaunchTests.swift; sourceTree = "<group>"; };
		58AC67DC29FD8E86001A1612 /* GoogleService-Info.plist */ = {isa = PBXFileReference; fileEncoding = 4; lastKnownFileType = text.plist.xml; name = "GoogleService-Info.plist"; path = "../../../Downloads/GoogleService-Info.plist"; sourceTree = "<group>"; };
		58AC67F729FD9252001A1612 /* SignUpView.swift */ = {isa = PBXFileReference; lastKnownFileType = sourcecode.swift; path = SignUpView.swift; sourceTree = "<group>"; };
		58AC67F929FD92DB001A1612 /* SignInView.swift */ = {isa = PBXFileReference; lastKnownFileType = sourcecode.swift; path = SignInView.swift; sourceTree = "<group>"; };
		58AC67FB29FDA21B001A1612 /* MainView.swift */ = {isa = PBXFileReference; lastKnownFileType = sourcecode.swift; path = MainView.swift; sourceTree = "<group>"; };
		58AC67FF29FDA55F001A1612 /* LocationManager.swift */ = {isa = PBXFileReference; lastKnownFileType = sourcecode.swift; path = LocationManager.swift; sourceTree = "<group>"; };
		58AC680529FDEED6001A1612 /* UserListView.swift */ = {isa = PBXFileReference; lastKnownFileType = sourcecode.swift; path = UserListView.swift; sourceTree = "<group>"; };
		FE28382C29FEC8A7001D7F6F /* LaunchScreenView.swift */ = {isa = PBXFileReference; lastKnownFileType = sourcecode.swift; path = LaunchScreenView.swift; sourceTree = "<group>"; };
		FE3868DC29FDAB210037FB0D /* InicioCrewView.swift */ = {isa = PBXFileReference; lastKnownFileType = sourcecode.swift; path = InicioCrewView.swift; sourceTree = "<group>"; };
		FE3868E629FDEBB10037FB0D /* Prueba.swift */ = {isa = PBXFileReference; lastKnownFileType = sourcecode.swift; path = Prueba.swift; sourceTree = "<group>"; };
		FE3868E829FDEF960037FB0D /* RutaActivaView.swift */ = {isa = PBXFileReference; lastKnownFileType = sourcecode.swift; path = RutaActivaView.swift; sourceTree = "<group>"; };
		FE3868EA29FDEFFA0037FB0D /* TripStatusView.swift */ = {isa = PBXFileReference; lastKnownFileType = sourcecode.swift; path = TripStatusView.swift; sourceTree = "<group>"; };
		FE3868EC29FDF0450037FB0D /* VehicleView.swift */ = {isa = PBXFileReference; lastKnownFileType = sourcecode.swift; path = VehicleView.swift; sourceTree = "<group>"; };
		FE3868EE29FDFD350037FB0D /* HomeView.swift */ = {isa = PBXFileReference; lastKnownFileType = sourcecode.swift; path = HomeView.swift; sourceTree = "<group>"; };
		FE3868F029FDFD7F0037FB0D /* RouteDetailView.swift */ = {isa = PBXFileReference; lastKnownFileType = sourcecode.swift; path = RouteDetailView.swift; sourceTree = "<group>"; };
		FE3868F229FDFDD80037FB0D /* UserProfileView.swift */ = {isa = PBXFileReference; lastKnownFileType = sourcecode.swift; path = UserProfileView.swift; sourceTree = "<group>"; };
		FE3868F429FDFE620037FB0D /* SettingsView.swift */ = {isa = PBXFileReference; lastKnownFileType = sourcecode.swift; path = SettingsView.swift; sourceTree = "<group>"; };
		FE3868F629FDFED40037FB0D /* ManagerMainView.swift */ = {isa = PBXFileReference; lastKnownFileType = sourcecode.swift; path = ManagerMainView.swift; sourceTree = "<group>"; };
		FE3868FA29FE02B40037FB0D /* Screen12View.swift */ = {isa = PBXFileReference; lastKnownFileType = sourcecode.swift; path = Screen12View.swift; sourceTree = "<group>"; };
		FE3868FC29FE054C0037FB0D /* AvenirNext-Regular.ttf */ = {isa = PBXFileReference; lastKnownFileType = file; name = "AvenirNext-Regular.ttf"; path = "/Users/iOS Lab/Desktop/hackathon/Fuentes/AvenirNext-Regular.ttf"; sourceTree = "<absolute>"; };
/* End PBXFileReference section */

/* Begin PBXFrameworksBuildPhase section */
		58AC67AC29FD848C001A1612 /* Frameworks */ = {
			isa = PBXFrameworksBuildPhase;
			buildActionMask = 2147483647;
			files = (
				58AC67EA29FD90D8001A1612 /* FirebaseDatabaseSwift in Frameworks */,
				58AC67E829FD90D8001A1612 /* FirebaseDatabase in Frameworks */,
				58AC67F229FD90D8001A1612 /* FirebaseMessaging in Frameworks */,
				58AC67E229FD90D8001A1612 /* FirebaseAnalyticsSwift in Frameworks */,
				58AC67F029FD90D8001A1612 /* FirebaseInstallations in Frameworks */,
				58AC67EE29FD90D8001A1612 /* FirebaseFunctions in Frameworks */,
				58AC67E429FD90D8001A1612 /* FirebaseAuth in Frameworks */,
				58AC67E029FD90D8001A1612 /* FirebaseAnalytics in Frameworks */,
				58AC67F429FD90D8001A1612 /* FirebaseStorage in Frameworks */,
				58AC67E629FD90D8001A1612 /* FirebaseAuthCombine-Community in Frameworks */,
				58AC67EC29FD90D8001A1612 /* FirebaseFirestore in Frameworks */,
			);
			runOnlyForDeploymentPostprocessing = 0;
		};
		58AC67BC29FD848E001A1612 /* Frameworks */ = {
			isa = PBXFrameworksBuildPhase;
			buildActionMask = 2147483647;
			files = (
			);
			runOnlyForDeploymentPostprocessing = 0;
		};
		58AC67C629FD848E001A1612 /* Frameworks */ = {
			isa = PBXFrameworksBuildPhase;
			buildActionMask = 2147483647;
			files = (
			);
			runOnlyForDeploymentPostprocessing = 0;
		};
/* End PBXFrameworksBuildPhase section */

/* Begin PBXGroup section */
		58AC67A629FD848C001A1612 = {
			isa = PBXGroup;
			children = (
				FE3868DE29FDE0A00037FB0D /* Fuentes */,
				58AC67B129FD848C001A1612 /* hackathon */,
				58AC67C229FD848E001A1612 /* hackathonTests */,
				58AC67CC29FD848E001A1612 /* hackathonUITests */,
				58AC67B029FD848C001A1612 /* Products */,
			);
			sourceTree = "<group>";
		};
		58AC67B029FD848C001A1612 /* Products */ = {
			isa = PBXGroup;
			children = (
				58AC67AF29FD848C001A1612 /* hackathon.app */,
				58AC67BF29FD848E001A1612 /* hackathonTests.xctest */,
				58AC67C929FD848E001A1612 /* hackathonUITests.xctest */,
			);
			name = Products;
			sourceTree = "<group>";
		};
		58AC67B129FD848C001A1612 /* hackathon */ = {
			isa = PBXGroup;
			children = (
				58AC67DC29FD8E86001A1612 /* GoogleService-Info.plist */,
				58AC67B229FD848C001A1612 /* hackathonApp.swift */,
				FE28382C29FEC8A7001D7F6F /* LaunchScreenView.swift */,
				FE3868F229FDFDD80037FB0D /* UserProfileView.swift */,
				FE3868F429FDFE620037FB0D /* SettingsView.swift */,
				FE3868F629FDFED40037FB0D /* ManagerMainView.swift */,
				FE3868DC29FDAB210037FB0D /* InicioCrewView.swift */,
				FE3868EE29FDFD350037FB0D /* HomeView.swift */,
				FE3868FA29FE02B40037FB0D /* Screen12View.swift */,
				FE3868F029FDFD7F0037FB0D /* RouteDetailView.swift */,
				FE3868EC29FDF0450037FB0D /* VehicleView.swift */,
				FE3868E629FDEBB10037FB0D /* Prueba.swift */,
				FE3868EA29FDEFFA0037FB0D /* TripStatusView.swift */,
				58AC680529FDEED6001A1612 /* UserListView.swift */,
				58AC67F929FD92DB001A1612 /* SignInView.swift */,
				58AC67B429FD848C001A1612 /* ContentView.swift */,
				58AC67F729FD9252001A1612 /* SignUpView.swift */,
				58AC67FB29FDA21B001A1612 /* MainView.swift */,
				58AC67FF29FDA55F001A1612 /* LocationManager.swift */,
				FE3868E829FDEF960037FB0D /* RutaActivaView.swift */,
				58AC67B629FD848E001A1612 /* Assets.xcassets */,
				58AC67B829FD848E001A1612 /* Preview Content */,
			);
			path = hackathon;
			sourceTree = "<group>";
		};
		58AC67B829FD848E001A1612 /* Preview Content */ = {
			isa = PBXGroup;
			children = (
				58AC67B929FD848E001A1612 /* Preview Assets.xcassets */,
			);
			path = "Preview Content";
			sourceTree = "<group>";
		};
		58AC67C229FD848E001A1612 /* hackathonTests */ = {
			isa = PBXGroup;
			children = (
				58AC67C329FD848E001A1612 /* hackathonTests.swift */,
			);
			path = hackathonTests;
			sourceTree = "<group>";
		};
		58AC67CC29FD848E001A1612 /* hackathonUITests */ = {
			isa = PBXGroup;
			children = (
				58AC67CD29FD848E001A1612 /* hackathonUITests.swift */,
				58AC67CF29FD848E001A1612 /* hackathonUITestsLaunchTests.swift */,
			);
			path = hackathonUITests;
			sourceTree = "<group>";
		};
		FE3868DE29FDE0A00037FB0D /* Fuentes */ = {
			isa = PBXGroup;
			children = (
				FE3868FC29FE054C0037FB0D /* AvenirNext-Regular.ttf */,
			);
			path = Fuentes;
			sourceTree = "<group>";
		};
/* End PBXGroup section */

/* Begin PBXNativeTarget section */
		58AC67AE29FD848C001A1612 /* hackathon */ = {
			isa = PBXNativeTarget;
			buildConfigurationList = 58AC67D329FD848E001A1612 /* Build configuration list for PBXNativeTarget "hackathon" */;
			buildPhases = (
				58AC67AB29FD848C001A1612 /* Sources */,
				58AC67AC29FD848C001A1612 /* Frameworks */,
				58AC67AD29FD848C001A1612 /* Resources */,
			);
			buildRules = (
			);
			dependencies = (
			);
			name = hackathon;
			packageProductDependencies = (
				58AC67DF29FD90D8001A1612 /* FirebaseAnalytics */,
				58AC67E129FD90D8001A1612 /* FirebaseAnalyticsSwift */,
				58AC67E329FD90D8001A1612 /* FirebaseAuth */,
				58AC67E529FD90D8001A1612 /* FirebaseAuthCombine-Community */,
				58AC67E729FD90D8001A1612 /* FirebaseDatabase */,
				58AC67E929FD90D8001A1612 /* FirebaseDatabaseSwift */,
				58AC67EB29FD90D8001A1612 /* FirebaseFirestore */,
				58AC67ED29FD90D8001A1612 /* FirebaseFunctions */,
				58AC67EF29FD90D8001A1612 /* FirebaseInstallations */,
				58AC67F129FD90D8001A1612 /* FirebaseMessaging */,
				58AC67F329FD90D8001A1612 /* FirebaseStorage */,
			);
			productName = hackathon;
			productReference = 58AC67AF29FD848C001A1612 /* hackathon.app */;
			productType = "com.apple.product-type.application";
		};
		58AC67BE29FD848E001A1612 /* hackathonTests */ = {
			isa = PBXNativeTarget;
			buildConfigurationList = 58AC67D629FD848E001A1612 /* Build configuration list for PBXNativeTarget "hackathonTests" */;
			buildPhases = (
				58AC67BB29FD848E001A1612 /* Sources */,
				58AC67BC29FD848E001A1612 /* Frameworks */,
				58AC67BD29FD848E001A1612 /* Resources */,
			);
			buildRules = (
			);
			dependencies = (
				58AC67C129FD848E001A1612 /* PBXTargetDependency */,
			);
			name = hackathonTests;
			productName = hackathonTests;
			productReference = 58AC67BF29FD848E001A1612 /* hackathonTests.xctest */;
			productType = "com.apple.product-type.bundle.unit-test";
		};
		58AC67C829FD848E001A1612 /* hackathonUITests */ = {
			isa = PBXNativeTarget;
			buildConfigurationList = 58AC67D929FD848E001A1612 /* Build configuration list for PBXNativeTarget "hackathonUITests" */;
			buildPhases = (
				58AC67C529FD848E001A1612 /* Sources */,
				58AC67C629FD848E001A1612 /* Frameworks */,
				58AC67C729FD848E001A1612 /* Resources */,
			);
			buildRules = (
			);
			dependencies = (
				58AC67CB29FD848E001A1612 /* PBXTargetDependency */,
			);
			name = hackathonUITests;
			productName = hackathonUITests;
			productReference = 58AC67C929FD848E001A1612 /* hackathonUITests.xctest */;
			productType = "com.apple.product-type.bundle.ui-testing";
		};
/* End PBXNativeTarget section */

/* Begin PBXProject section */
		58AC67A729FD848C001A1612 /* Project object */ = {
			isa = PBXProject;
			attributes = {
				BuildIndependentTargetsInParallel = 1;
				KnownAssetTags = (
					New,
				);
				LastSwiftUpdateCheck = 1430;
				LastUpgradeCheck = 1430;
				TargetAttributes = {
					58AC67AE29FD848C001A1612 = {
						CreatedOnToolsVersion = 14.3;
					};
					58AC67BE29FD848E001A1612 = {
						CreatedOnToolsVersion = 14.3;
						TestTargetID = 58AC67AE29FD848C001A1612;
					};
					58AC67C829FD848E001A1612 = {
						CreatedOnToolsVersion = 14.3;
						TestTargetID = 58AC67AE29FD848C001A1612;
					};
				};
			};
			buildConfigurationList = 58AC67AA29FD848C001A1612 /* Build configuration list for PBXProject "hackathon" */;
			compatibilityVersion = "Xcode 14.0";
			developmentRegion = en;
			hasScannedForEncodings = 0;
			knownRegions = (
				en,
				Base,
			);
			mainGroup = 58AC67A629FD848C001A1612;
			packageReferences = (
				58AC67DE29FD90D8001A1612 /* XCRemoteSwiftPackageReference "firebase-ios-sdk" */,
			);
			productRefGroup = 58AC67B029FD848C001A1612 /* Products */;
			projectDirPath = "";
			projectRoot = "";
			targets = (
				58AC67AE29FD848C001A1612 /* hackathon */,
				58AC67BE29FD848E001A1612 /* hackathonTests */,
				58AC67C829FD848E001A1612 /* hackathonUITests */,
			);
		};
/* End PBXProject section */

/* Begin PBXResourcesBuildPhase section */
		58AC67AD29FD848C001A1612 /* Resources */ = {
			isa = PBXResourcesBuildPhase;
			buildActionMask = 2147483647;
			files = (
				58AC67BA29FD848E001A1612 /* Preview Assets.xcassets in Resources */,
				58AC67B729FD848E001A1612 /* Assets.xcassets in Resources */,
				FE3868FD29FE054C0037FB0D /* AvenirNext-Regular.ttf in Resources */,
				58AC67DD29FD8E86001A1612 /* GoogleService-Info.plist in Resources */,
			);
			runOnlyForDeploymentPostprocessing = 0;
		};
		58AC67BD29FD848E001A1612 /* Resources */ = {
			isa = PBXResourcesBuildPhase;
			buildActionMask = 2147483647;
			files = (
			);
			runOnlyForDeploymentPostprocessing = 0;
		};
		58AC67C729FD848E001A1612 /* Resources */ = {
			isa = PBXResourcesBuildPhase;
			buildActionMask = 2147483647;
			files = (
			);
			runOnlyForDeploymentPostprocessing = 0;
		};
/* End PBXResourcesBuildPhase section */

/* Begin PBXSourcesBuildPhase section */
		58AC67AB29FD848C001A1612 /* Sources */ = {
			isa = PBXSourcesBuildPhase;
			buildActionMask = 2147483647;
			files = (
				FE3868F529FDFE620037FB0D /* SettingsView.swift in Sources */,
				FE3868FB29FE02B40037FB0D /* Screen12View.swift in Sources */,
				58AC67B529FD848C001A1612 /* ContentView.swift in Sources */,
				58AC680629FDEED6001A1612 /* UserListView.swift in Sources */,
				58AC67F829FD9252001A1612 /* SignUpView.swift in Sources */,
				58AC680029FDA55F001A1612 /* LocationManager.swift in Sources */,
				FE3868ED29FDF0450037FB0D /* VehicleView.swift in Sources */,
				58AC67FA29FD92DB001A1612 /* SignInView.swift in Sources */,
				FE3868E929FDEF960037FB0D /* RutaActivaView.swift in Sources */,
				58AC67FC29FDA21B001A1612 /* MainView.swift in Sources */,
				FE28382D29FEC8A7001D7F6F /* LaunchScreenView.swift in Sources */,
				FE3868F329FDFDD80037FB0D /* UserProfileView.swift in Sources */,
				FE3868DD29FDAB210037FB0D /* InicioCrewView.swift in Sources */,
				FE3868EB29FDEFFA0037FB0D /* TripStatusView.swift in Sources */,
				FE3868F729FDFED40037FB0D /* ManagerMainView.swift in Sources */,
				FE3868EF29FDFD350037FB0D /* HomeView.swift in Sources */,
				FE3868F129FDFD7F0037FB0D /* RouteDetailView.swift in Sources */,
				FE3868E729FDEBB10037FB0D /* Prueba.swift in Sources */,
				58AC67B329FD848C001A1612 /* hackathonApp.swift in Sources */,
			);
			runOnlyForDeploymentPostprocessing = 0;
		};
		58AC67BB29FD848E001A1612 /* Sources */ = {
			isa = PBXSourcesBuildPhase;
			buildActionMask = 2147483647;
			files = (
				58AC67C429FD848E001A1612 /* hackathonTests.swift in Sources */,
			);
			runOnlyForDeploymentPostprocessing = 0;
		};
		58AC67C529FD848E001A1612 /* Sources */ = {
			isa = PBXSourcesBuildPhase;
			buildActionMask = 2147483647;
			files = (
				58AC67D029FD848E001A1612 /* hackathonUITestsLaunchTests.swift in Sources */,
				58AC67CE29FD848E001A1612 /* hackathonUITests.swift in Sources */,
			);
			runOnlyForDeploymentPostprocessing = 0;
		};
/* End PBXSourcesBuildPhase section */

/* Begin PBXTargetDependency section */
		58AC67C129FD848E001A1612 /* PBXTargetDependency */ = {
			isa = PBXTargetDependency;
			target = 58AC67AE29FD848C001A1612 /* hackathon */;
			targetProxy = 58AC67C029FD848E001A1612 /* PBXContainerItemProxy */;
		};
		58AC67CB29FD848E001A1612 /* PBXTargetDependency */ = {
			isa = PBXTargetDependency;
			target = 58AC67AE29FD848C001A1612 /* hackathon */;
			targetProxy = 58AC67CA29FD848E001A1612 /* PBXContainerItemProxy */;
		};
/* End PBXTargetDependency section */

/* Begin XCBuildConfiguration section */
		58AC67D129FD848E001A1612 /* Debug */ = {
			isa = XCBuildConfiguration;
			buildSettings = {
				ALWAYS_SEARCH_USER_PATHS = NO;
				CLANG_ANALYZER_NONNULL = YES;
				CLANG_ANALYZER_NUMBER_OBJECT_CONVERSION = YES_AGGRESSIVE;
				CLANG_CXX_LANGUAGE_STANDARD = "gnu++20";
				CLANG_ENABLE_MODULES = YES;
				CLANG_ENABLE_OBJC_ARC = YES;
				CLANG_ENABLE_OBJC_WEAK = YES;
				CLANG_WARN_BLOCK_CAPTURE_AUTORELEASING = YES;
				CLANG_WARN_BOOL_CONVERSION = YES;
				CLANG_WARN_COMMA = YES;
				CLANG_WARN_CONSTANT_CONVERSION = YES;
				CLANG_WARN_DEPRECATED_OBJC_IMPLEMENTATIONS = YES;
				CLANG_WARN_DIRECT_OBJC_ISA_USAGE = YES_ERROR;
				CLANG_WARN_DOCUMENTATION_COMMENTS = YES;
				CLANG_WARN_EMPTY_BODY = YES;
				CLANG_WARN_ENUM_CONVERSION = YES;
				CLANG_WARN_INFINITE_RECURSION = YES;
				CLANG_WARN_INT_CONVERSION = YES;
				CLANG_WARN_NON_LITERAL_NULL_CONVERSION = YES;
				CLANG_WARN_OBJC_IMPLICIT_RETAIN_SELF = YES;
				CLANG_WARN_OBJC_LITERAL_CONVERSION = YES;
				CLANG_WARN_OBJC_ROOT_CLASS = YES_ERROR;
				CLANG_WARN_QUOTED_INCLUDE_IN_FRAMEWORK_HEADER = YES;
				CLANG_WARN_RANGE_LOOP_ANALYSIS = YES;
				CLANG_WARN_STRICT_PROTOTYPES = YES;
				CLANG_WARN_SUSPICIOUS_MOVE = YES;
				CLANG_WARN_UNGUARDED_AVAILABILITY = YES_AGGRESSIVE;
				CLANG_WARN_UNREACHABLE_CODE = YES;
				CLANG_WARN__DUPLICATE_METHOD_MATCH = YES;
				COPY_PHASE_STRIP = NO;
				DEBUG_INFORMATION_FORMAT = dwarf;
				ENABLE_STRICT_OBJC_MSGSEND = YES;
				ENABLE_TESTABILITY = YES;
				GCC_C_LANGUAGE_STANDARD = gnu11;
				GCC_DYNAMIC_NO_PIC = NO;
				GCC_NO_COMMON_BLOCKS = YES;
				GCC_OPTIMIZATION_LEVEL = 0;
				GCC_PREPROCESSOR_DEFINITIONS = (
					"DEBUG=1",
					"$(inherited)",
				);
				GCC_WARN_64_TO_32_BIT_CONVERSION = YES;
				GCC_WARN_ABOUT_RETURN_TYPE = YES_ERROR;
				GCC_WARN_UNDECLARED_SELECTOR = YES;
				GCC_WARN_UNINITIALIZED_AUTOS = YES_AGGRESSIVE;
				GCC_WARN_UNUSED_FUNCTION = YES;
				GCC_WARN_UNUSED_VARIABLE = YES;
				IPHONEOS_DEPLOYMENT_TARGET = 16.1;
				MTL_ENABLE_DEBUG_INFO = INCLUDE_SOURCE;
				MTL_FAST_MATH = YES;
				ONLY_ACTIVE_ARCH = YES;
				SDKROOT = iphoneos;
				SWIFT_ACTIVE_COMPILATION_CONDITIONS = DEBUG;
				SWIFT_OPTIMIZATION_LEVEL = "-Onone";
			};
			name = Debug;
		};
		58AC67D229FD848E001A1612 /* Release */ = {
			isa = XCBuildConfiguration;
			buildSettings = {
				ALWAYS_SEARCH_USER_PATHS = NO;
				CLANG_ANALYZER_NONNULL = YES;
				CLANG_ANALYZER_NUMBER_OBJECT_CONVERSION = YES_AGGRESSIVE;
				CLANG_CXX_LANGUAGE_STANDARD = "gnu++20";
				CLANG_ENABLE_MODULES = YES;
				CLANG_ENABLE_OBJC_ARC = YES;
				CLANG_ENABLE_OBJC_WEAK = YES;
				CLANG_WARN_BLOCK_CAPTURE_AUTORELEASING = YES;
				CLANG_WARN_BOOL_CONVERSION = YES;
				CLANG_WARN_COMMA = YES;
				CLANG_WARN_CONSTANT_CONVERSION = YES;
				CLANG_WARN_DEPRECATED_OBJC_IMPLEMENTATIONS = YES;
				CLANG_WARN_DIRECT_OBJC_ISA_USAGE = YES_ERROR;
				CLANG_WARN_DOCUMENTATION_COMMENTS = YES;
				CLANG_WARN_EMPTY_BODY = YES;
				CLANG_WARN_ENUM_CONVERSION = YES;
				CLANG_WARN_INFINITE_RECURSION = YES;
				CLANG_WARN_INT_CONVERSION = YES;
				CLANG_WARN_NON_LITERAL_NULL_CONVERSION = YES;
				CLANG_WARN_OBJC_IMPLICIT_RETAIN_SELF = YES;
				CLANG_WARN_OBJC_LITERAL_CONVERSION = YES;
				CLANG_WARN_OBJC_ROOT_CLASS = YES_ERROR;
				CLANG_WARN_QUOTED_INCLUDE_IN_FRAMEWORK_HEADER = YES;
				CLANG_WARN_RANGE_LOOP_ANALYSIS = YES;
				CLANG_WARN_STRICT_PROTOTYPES = YES;
				CLANG_WARN_SUSPICIOUS_MOVE = YES;
				CLANG_WARN_UNGUARDED_AVAILABILITY = YES_AGGRESSIVE;
				CLANG_WARN_UNREACHABLE_CODE = YES;
				CLANG_WARN__DUPLICATE_METHOD_MATCH = YES;
				COPY_PHASE_STRIP = NO;
				DEBUG_INFORMATION_FORMAT = "dwarf-with-dsym";
				ENABLE_NS_ASSERTIONS = NO;
				ENABLE_STRICT_OBJC_MSGSEND = YES;
				GCC_C_LANGUAGE_STANDARD = gnu11;
				GCC_NO_COMMON_BLOCKS = YES;
				GCC_WARN_64_TO_32_BIT_CONVERSION = YES;
				GCC_WARN_ABOUT_RETURN_TYPE = YES_ERROR;
				GCC_WARN_UNDECLARED_SELECTOR = YES;
				GCC_WARN_UNINITIALIZED_AUTOS = YES_AGGRESSIVE;
				GCC_WARN_UNUSED_FUNCTION = YES;
				GCC_WARN_UNUSED_VARIABLE = YES;
				IPHONEOS_DEPLOYMENT_TARGET = 16.1;
				MTL_ENABLE_DEBUG_INFO = NO;
				MTL_FAST_MATH = YES;
				SDKROOT = iphoneos;
				SWIFT_COMPILATION_MODE = wholemodule;
				SWIFT_OPTIMIZATION_LEVEL = "-O";
				VALIDATE_PRODUCT = YES;
			};
			name = Release;
		};
		58AC67D429FD848E001A1612 /* Debug */ = {
			isa = XCBuildConfiguration;
			buildSettings = {
				ASSETCATALOG_COMPILER_APPICON_NAME = AppIcon;
				ASSETCATALOG_COMPILER_GLOBAL_ACCENT_COLOR_NAME = AccentColor;
				ASSETCATALOG_COMPILER_INCLUDE_ALL_APPICON_ASSETS = NO;
				CODE_SIGN_STYLE = Automatic;
				CURRENT_PROJECT_VERSION = 1;
				DEVELOPMENT_ASSET_PATHS = "\"hackathon/Preview Content\"";
				ENABLE_PREVIEWS = YES;
				GENERATE_INFOPLIST_FILE = YES;
				INFOPLIST_FILE = hackathon/Info.plist;
				INFOPLIST_KEY_UIApplicationSceneManifest_Generation = YES;
				INFOPLIST_KEY_UIApplicationSupportsIndirectInputEvents = YES;
				INFOPLIST_KEY_UILaunchScreen_Generation = YES;
				INFOPLIST_KEY_UISupportedInterfaceOrientations = UIInterfaceOrientationPortrait;
				INFOPLIST_KEY_UISupportedInterfaceOrientations_iPad = "UIInterfaceOrientationLandscapeLeft UIInterfaceOrientationLandscapeRight UIInterfaceOrientationPortrait UIInterfaceOrientationPortraitUpsideDown";
				IPHONEOS_DEPLOYMENT_TARGET = 16.1;
				LD_RUNPATH_SEARCH_PATHS = (
					"$(inherited)",
					"@executable_path/Frameworks",
				);
				MARKETING_VERSION = 1.0;
				NEW_SETTING = "";
				PRODUCT_BUNDLE_IDENTIFIER = Isaac.hackathon;
				PRODUCT_NAME = "$(TARGET_NAME)";
				SWIFT_EMIT_LOC_STRINGS = YES;
				SWIFT_VERSION = 5.0;
				TARGETED_DEVICE_FAMILY = "1,2";
			};
			name = Debug;
		};
		58AC67D529FD848E001A1612 /* Release */ = {
			isa = XCBuildConfiguration;
			buildSettings = {
				ASSETCATALOG_COMPILER_APPICON_NAME = AppIcon;
				ASSETCATALOG_COMPILER_GLOBAL_ACCENT_COLOR_NAME = AccentColor;
				ASSETCATALOG_COMPILER_INCLUDE_ALL_APPICON_ASSETS = NO;
				CODE_SIGN_STYLE = Automatic;
				CURRENT_PROJECT_VERSION = 1;
				DEVELOPMENT_ASSET_PATHS = "\"hackathon/Preview Content\"";
				ENABLE_PREVIEWS = YES;
				GENERATE_INFOPLIST_FILE = YES;
				INFOPLIST_FILE = hackathon/Info.plist;
				INFOPLIST_KEY_UIApplicationSceneManifest_Generation = YES;
				INFOPLIST_KEY_UIApplicationSupportsIndirectInputEvents = YES;
				INFOPLIST_KEY_UILaunchScreen_Generation = YES;
				INFOPLIST_KEY_UISupportedInterfaceOrientations = UIInterfaceOrientationPortrait;
				INFOPLIST_KEY_UISupportedInterfaceOrientations_iPad = "UIInterfaceOrientationLandscapeLeft UIInterfaceOrientationLandscapeRight UIInterfaceOrientationPortrait UIInterfaceOrientationPortraitUpsideDown";
				IPHONEOS_DEPLOYMENT_TARGET = 16.1;
				LD_RUNPATH_SEARCH_PATHS = (
					"$(inherited)",
					"@executable_path/Frameworks",
				);
				MARKETING_VERSION = 1.0;
				NEW_SETTING = "";
				PRODUCT_BUNDLE_IDENTIFIER = Isaac.hackathon;
				PRODUCT_NAME = "$(TARGET_NAME)";
				SWIFT_EMIT_LOC_STRINGS = YES;
				SWIFT_VERSION = 5.0;
				TARGETED_DEVICE_FAMILY = "1,2";
			};
			name = Release;
		};
		58AC67D729FD848E001A1612 /* Debug */ = {
			isa = XCBuildConfiguration;
			buildSettings = {
				ALWAYS_EMBED_SWIFT_STANDARD_LIBRARIES = YES;
				BUNDLE_LOADER = "$(TEST_HOST)";
				CODE_SIGN_STYLE = Automatic;
				CURRENT_PROJECT_VERSION = 1;
				GENERATE_INFOPLIST_FILE = YES;
				IPHONEOS_DEPLOYMENT_TARGET = 16.4;
				MARKETING_VERSION = 1.0;
				PRODUCT_BUNDLE_IDENTIFIER = Isaac.hackathonTests;
				PRODUCT_NAME = "$(TARGET_NAME)";
				SWIFT_EMIT_LOC_STRINGS = NO;
				SWIFT_VERSION = 5.0;
				TARGETED_DEVICE_FAMILY = "1,2";
				TEST_HOST = "$(BUILT_PRODUCTS_DIR)/hackathon.app/$(BUNDLE_EXECUTABLE_FOLDER_PATH)/hackathon";
			};
			name = Debug;
		};
		58AC67D829FD848E001A1612 /* Release */ = {
			isa = XCBuildConfiguration;
			buildSettings = {
				ALWAYS_EMBED_SWIFT_STANDARD_LIBRARIES = YES;
				BUNDLE_LOADER = "$(TEST_HOST)";
				CODE_SIGN_STYLE = Automatic;
				CURRENT_PROJECT_VERSION = 1;
				GENERATE_INFOPLIST_FILE = YES;
				IPHONEOS_DEPLOYMENT_TARGET = 16.4;
				MARKETING_VERSION = 1.0;
				PRODUCT_BUNDLE_IDENTIFIER = Isaac.hackathonTests;
				PRODUCT_NAME = "$(TARGET_NAME)";
				SWIFT_EMIT_LOC_STRINGS = NO;
				SWIFT_VERSION = 5.0;
				TARGETED_DEVICE_FAMILY = "1,2";
				TEST_HOST = "$(BUILT_PRODUCTS_DIR)/hackathon.app/$(BUNDLE_EXECUTABLE_FOLDER_PATH)/hackathon";
			};
			name = Release;
		};
		58AC67DA29FD848E001A1612 /* Debug */ = {
			isa = XCBuildConfiguration;
			buildSettings = {
				ALWAYS_EMBED_SWIFT_STANDARD_LIBRARIES = YES;
				CODE_SIGN_STYLE = Automatic;
				CURRENT_PROJECT_VERSION = 1;
				GENERATE_INFOPLIST_FILE = YES;
				MARKETING_VERSION = 1.0;
				PRODUCT_BUNDLE_IDENTIFIER = Isaac.hackathonUITests;
				PRODUCT_NAME = "$(TARGET_NAME)";
				SWIFT_EMIT_LOC_STRINGS = NO;
				SWIFT_VERSION = 5.0;
				TARGETED_DEVICE_FAMILY = "1,2";
				TEST_TARGET_NAME = hackathon;
			};
			name = Debug;
		};
		58AC67DB29FD848E001A1612 /* Release */ = {
			isa = XCBuildConfiguration;
			buildSettings = {
				ALWAYS_EMBED_SWIFT_STANDARD_LIBRARIES = YES;
				CODE_SIGN_STYLE = Automatic;
				CURRENT_PROJECT_VERSION = 1;
				GENERATE_INFOPLIST_FILE = YES;
				MARKETING_VERSION = 1.0;
				PRODUCT_BUNDLE_IDENTIFIER = Isaac.hackathonUITests;
				PRODUCT_NAME = "$(TARGET_NAME)";
				SWIFT_EMIT_LOC_STRINGS = NO;
				SWIFT_VERSION = 5.0;
				TARGETED_DEVICE_FAMILY = "1,2";
				TEST_TARGET_NAME = hackathon;
			};
			name = Release;
		};
/* End XCBuildConfiguration section */

/* Begin XCConfigurationList section */
		58AC67AA29FD848C001A1612 /* Build configuration list for PBXProject "hackathon" */ = {
			isa = XCConfigurationList;
			buildConfigurations = (
				58AC67D129FD848E001A1612 /* Debug */,
				58AC67D229FD848E001A1612 /* Release */,
			);
			defaultConfigurationIsVisible = 0;
			defaultConfigurationName = Release;
		};
		58AC67D329FD848E001A1612 /* Build configuration list for PBXNativeTarget "hackathon" */ = {
			isa = XCConfigurationList;
			buildConfigurations = (
				58AC67D429FD848E001A1612 /* Debug */,
				58AC67D529FD848E001A1612 /* Release */,
			);
			defaultConfigurationIsVisible = 0;
			defaultConfigurationName = Release;
		};
		58AC67D629FD848E001A1612 /* Build configuration list for PBXNativeTarget "hackathonTests" */ = {
			isa = XCConfigurationList;
			buildConfigurations = (
				58AC67D729FD848E001A1612 /* Debug */,
				58AC67D829FD848E001A1612 /* Release */,
			);
			defaultConfigurationIsVisible = 0;
			defaultConfigurationName = Release;
		};
		58AC67D929FD848E001A1612 /* Build configuration list for PBXNativeTarget "hackathonUITests" */ = {
			isa = XCConfigurationList;
			buildConfigurations = (
				58AC67DA29FD848E001A1612 /* Debug */,
				58AC67DB29FD848E001A1612 /* Release */,
			);
			defaultConfigurationIsVisible = 0;
			defaultConfigurationName = Release;
		};
/* End XCConfigurationList section */

/* Begin XCRemoteSwiftPackageReference section */
		58AC67DE29FD90D8001A1612 /* XCRemoteSwiftPackageReference "firebase-ios-sdk" */ = {
			isa = XCRemoteSwiftPackageReference;
			repositoryURL = "https://github.com/firebase/firebase-ios-sdk.git";
			requirement = {
				kind = upToNextMajorVersion;
				minimumVersion = 10.0.0;
			};
		};
/* End XCRemoteSwiftPackageReference section */

/* Begin XCSwiftPackageProductDependency section */
		58AC67DF29FD90D8001A1612 /* FirebaseAnalytics */ = {
			isa = XCSwiftPackageProductDependency;
			package = 58AC67DE29FD90D8001A1612 /* XCRemoteSwiftPackageReference "firebase-ios-sdk" */;
			productName = FirebaseAnalytics;
		};
		58AC67E129FD90D8001A1612 /* FirebaseAnalyticsSwift */ = {
			isa = XCSwiftPackageProductDependency;
			package = 58AC67DE29FD90D8001A1612 /* XCRemoteSwiftPackageReference "firebase-ios-sdk" */;
			productName = FirebaseAnalyticsSwift;
		};
		58AC67E329FD90D8001A1612 /* FirebaseAuth */ = {
			isa = XCSwiftPackageProductDependency;
			package = 58AC67DE29FD90D8001A1612 /* XCRemoteSwiftPackageReference "firebase-ios-sdk" */;
			productName = FirebaseAuth;
		};
		58AC67E529FD90D8001A1612 /* FirebaseAuthCombine-Community */ = {
			isa = XCSwiftPackageProductDependency;
			package = 58AC67DE29FD90D8001A1612 /* XCRemoteSwiftPackageReference "firebase-ios-sdk" */;
			productName = "FirebaseAuthCombine-Community";
		};
		58AC67E729FD90D8001A1612 /* FirebaseDatabase */ = {
			isa = XCSwiftPackageProductDependency;
			package = 58AC67DE29FD90D8001A1612 /* XCRemoteSwiftPackageReference "firebase-ios-sdk" */;
			productName = FirebaseDatabase;
		};
		58AC67E929FD90D8001A1612 /* FirebaseDatabaseSwift */ = {
			isa = XCSwiftPackageProductDependency;
			package = 58AC67DE29FD90D8001A1612 /* XCRemoteSwiftPackageReference "firebase-ios-sdk" */;
			productName = FirebaseDatabaseSwift;
		};
		58AC67EB29FD90D8001A1612 /* FirebaseFirestore */ = {
			isa = XCSwiftPackageProductDependency;
			package = 58AC67DE29FD90D8001A1612 /* XCRemoteSwiftPackageReference "firebase-ios-sdk" */;
			productName = FirebaseFirestore;
		};
		58AC67ED29FD90D8001A1612 /* FirebaseFunctions */ = {
			isa = XCSwiftPackageProductDependency;
			package = 58AC67DE29FD90D8001A1612 /* XCRemoteSwiftPackageReference "firebase-ios-sdk" */;
			productName = FirebaseFunctions;
		};
		58AC67EF29FD90D8001A1612 /* FirebaseInstallations */ = {
			isa = XCSwiftPackageProductDependency;
			package = 58AC67DE29FD90D8001A1612 /* XCRemoteSwiftPackageReference "firebase-ios-sdk" */;
			productName = FirebaseInstallations;
		};
		58AC67F129FD90D8001A1612 /* FirebaseMessaging */ = {
			isa = XCSwiftPackageProductDependency;
			package = 58AC67DE29FD90D8001A1612 /* XCRemoteSwiftPackageReference "firebase-ios-sdk" */;
			productName = FirebaseMessaging;
		};
		58AC67F329FD90D8001A1612 /* FirebaseStorage */ = {
			isa = XCSwiftPackageProductDependency;
			package = 58AC67DE29FD90D8001A1612 /* XCRemoteSwiftPackageReference "firebase-ios-sdk" */;
			productName = FirebaseStorage;
		};
/* End XCSwiftPackageProductDependency section */
	};
	rootObject = 58AC67A729FD848C001A1612 /* Project object */;
}
